name: fmlm_block
backbone: dit
parameterization: mean
time_conditioning: True
T: 0
subs_masking: False
causal_attention: False
t_max: 1.0
t_min: 0.0
double_temb: True
add_boundary: fixed
diagonal_fraction: 0.75
offdiagonal_sampling: uniform_diff
set_midpoint: midpoint
boundary_prob: 32
distillation_method: PSD
entmax_temp_lsd: 2.0
backprop_entmax_temp_lsd: False
learnable_loss_weighting: False
use_mse_loss_psd: False
rescale_offdiag_loss_psd: False
use_ema_for_psd_target: False
use_teacher_for_D_t_lsd: False
initialize_student_from_teacher: False
teacher_path: ''
block_size: 4
